
Microsoft Visual Studio Solution File, Format Version 12.00
# Visual Studio Version 17
VisualStudioVersion = 17.2.32516.85
MinimumVisualStudioVersion = 10.0.40219.1
Project("{9A19103F-16F7-4668-BE54-9A1E7A4F7556}") = "Battle", "Battle.csproj", "{82AEC968-BDE4-4197-AD49-1068007B0F61}"
EndProject
Project("{2150E333-8FDC-42A3-9474-1A3956D46DE8}") = "Solution Items", "Solution Items", "{F4D2C35C-4154-4708-9DE7-D496DD4A55E6}"
	ProjectSection(SolutionItems) = preProject
		.editorconfig = .editorconfig
	EndProjectSection
EndProject
Global
	GlobalSection(SolutionConfigurationPlatforms) = preSolution
		Debug|Any CPU = Debug|Any CPU
		Release|Any CPU = Release|Any CPU
	EndGlobalSection
	GlobalSection(ProjectConfigurationPlatforms) = postSolution
		{82AEC968-BDE4-4197-AD49-1068007B0F61}.Debug|Any CPU.ActiveCfg = Debug|Any CPU
		{82AEC968-BDE4-4197-AD49-1068007B0F61}.Debug|Any CPU.Build.0 = Debug|Any CPU
		{82AEC968-BDE4-4197-AD49-1068007B0F61}.Release|Any CPU.ActiveCfg = Release|Any CPU
		{82AEC968-BDE4-4197-AD49-1068007B0F61}.Release|Any CPU.Build.0 = Release|Any CPU
	EndGlobalSection
	GlobalSection(SolutionProperties) = preSolution
		HideSolutionNode = FALSE
	EndGlobalSection
	GlobalSection(ExtensibilityGlobals) = postSolution
		SolutionGuid = {041410E2-A260-46F6-9D8C-5CB8072259BE}
	EndGlobalSection
EndGlobal
